
Microsoft Visual Studio Solution File, Format Version 12.00
# Visual Studio Version 17
VisualStudioVersion = 17.4.33122.133
MinimumVisualStudioVersion = 10.0.40219.1
Project("{FAE04EC0-301F-11D3-BF4B-00C04F79EFBC}") = "Homework 09.01.2023(Tasks)", "Homework 09.01.2023(Tasks)\Homework 09.01.2023(Tasks).csproj", "{C63F4E14-867F-425E-8D5C-4BB2DC3DE03B}"
EndProject
Global
	GlobalSection(SolutionConfigurationPlatforms) = preSolution
		Debug|Any CPU = Debug|Any CPU
		Release|Any CPU = Release|Any CPU
	EndGlobalSection
	GlobalSection(ProjectConfigurationPlatforms) = postSolution
		{C63F4E14-867F-425E-8D5C-4BB2DC3DE03B}.Debug|Any CPU.ActiveCfg = Debug|Any CPU
		{C63F4E14-867F-425E-8D5C-4BB2DC3DE03B}.Debug|Any CPU.Build.0 = Debug|Any CPU
		{C63F4E14-867F-425E-8D5C-4BB2DC3DE03B}.Release|Any CPU.ActiveCfg = Release|Any CPU
		{C63F4E14-867F-425E-8D5C-4BB2DC3DE03B}.Release|Any CPU.Build.0 = Release|Any CPU
	EndGlobalSection
	GlobalSection(SolutionProperties) = preSolution
		HideSolutionNode = FALSE
	EndGlobalSection
	GlobalSection(ExtensibilityGlobals) = postSolution
		SolutionGuid = {3E87D06F-AC47-4ECC-8587-784C08DC62D4}
	EndGlobalSection
EndGlobal
